[[package]]
category = "dev"
description = "Disable App Nap on OS X 10.9"
marker = "python_version >= \"3.3\" and sys_platform == \"darwin\""
name = "appnope"
optional = false
python-versions = "*"
version = "0.1.0"

[[package]]
category = "dev"
description = "Specifications for callback functions passed in to an API"
marker = "python_version >= \"3.3\""
name = "backcall"
optional = false
python-versions = "*"
version = "0.1.0"

[[package]]
category = "dev"
description = "Screen-scraping library"
name = "beautifulsoup4"
optional = false
python-versions = "*"
version = "4.7.1"

[package.dependencies]
soupsieve = ">=1.2"

[package.extras]
html5lib = ["html5lib"]
lxml = ["lxml"]

[[package]]
category = "dev"
description = "Pretty and helpful exceptions, automatically"
name = "better-exceptions"
optional = false
python-versions = "*"
version = "0.2.1"

[package.dependencies]
colorama = "*"

[[package]]
category = "main"
description = "Python package for providing Mozilla's CA Bundle."
name = "certifi"
optional = false
python-versions = "*"
version = "2018.11.29"

[[package]]
category = "main"
description = "Universal encoding detector for Python 2 and 3"
name = "chardet"
optional = false
python-versions = "*"
version = "3.0.4"

[[package]]
category = "dev"
description = "Cross-platform colored terminal text."
marker = "python_version >= \"3.3\" and sys_platform == \"win32\" or sys_platform == \"win32\""
name = "colorama"
optional = false
python-versions = ">=2.7, !=3.0.*, !=3.1.*, !=3.2.*, !=3.3.*"
version = "0.4.1"

[[package]]
category = "main"
description = "imprement some of color correction algorithms"
name = "colorcorrect"
optional = false
python-versions = "*"
version = "0.8"

[package.dependencies]
Pillow = "*"
numpy = "*"
six = "*"

[[package]]
category = "main"
description = "Color math and conversion library."
name = "colormath"
optional = false
python-versions = "*"
version = "3.0.0"

[package.dependencies]
networkx = ">=2.0"
numpy = "*"

[[package]]
category = "main"
description = "A module for grabbing the color palette from an image."
name = "colorthief"
optional = false
python-versions = "*"
version = "0.2.1"

[package.dependencies]
Pillow = "*"

[[package]]
category = "main"
description = "Better living through Python with decorators"
name = "decorator"
optional = false
python-versions = "*"
version = "4.3.0"

[[package]]
category = "main"
description = "A high-level Python Web framework that encourages rapid development and clean, pragmatic design."
name = "django"
optional = false
python-versions = ">=3.5"
version = "2.1.4"

[package.dependencies]
pytz = "*"

[package.extras]
argon2 = ["argon2-cffi (>=16.1.0)"]
bcrypt = ["bcrypt"]

[[package]]
category = "main"
description = "Django Model Fields that are smart."
name = "django-smartfields"
optional = false
python-versions = "*"
version = "1.0.9"

[package.dependencies]
Django = ">=1.5.0"

[[package]]
category = "main"
description = "django-taggit is a reusable Django application for simple tagging."
name = "django-taggit"
optional = false
python-versions = ">=3.5"
version = "1.1.0"

[package.dependencies]
Django = ">=1.11"

[[package]]
category = "main"
description = "Web APIs for Django, made easy."
name = "djangorestframework"
optional = false
python-versions = ">=3.5"
version = "3.11.0"

[package.dependencies]
django = ">=1.11"

[[package]]
category = "main"
description = "Clean single-source support for Python 3 and 2"
name = "future"
optional = false
python-versions = ">=2.6, !=3.0.*, !=3.1.*, !=3.2.*"
version = "0.17.1"

[[package]]
category = "main"
description = "WSGI HTTP Server for UNIX"
name = "gunicorn"
optional = false
python-versions = ">=2.6, !=3.0.*, !=3.1.*"
version = "19.9.0"

[package.extras]
eventlet = ["eventlet (>=0.9.7)"]
gevent = ["gevent (>=0.13)"]
tornado = ["tornado (>=0.2)"]

[[package]]
category = "main"
description = "Internationalized Domain Names in Applications (IDNA)"
name = "idna"
optional = false
python-versions = ">=2.7, !=3.0.*, !=3.1.*, !=3.2.*, !=3.3.*"
version = "2.8"

[[package]]
category = "dev"
description = "IPython-enabled pdb"
name = "ipdb"
optional = false
python-versions = ">=2.7"
version = "0.11"

[package.dependencies]
setuptools = "*"

[package.dependencies.ipython]
python = ">=3.3"
version = ">=5.0.0"

[[package]]
category = "dev"
description = "IPython: Productive Interactive Computing"
marker = "python_version >= \"3.3\""
name = "ipython"
optional = false
python-versions = ">=3.5"
version = "7.2.0"

[package.dependencies]
appnope = "*"
backcall = "*"
colorama = "*"
decorator = "*"
jedi = ">=0.10"
pexpect = "*"
pickleshare = "*"
prompt-toolkit = ">=2.0.0,<2.1.0"
pygments = "*"
setuptools = ">=18.5"
traitlets = ">=4.2"

[package.extras]
all = ["pygments", "requests", "nbconvert", "nose (>=0.10.1)", "nbformat", "ipyparallel", "Sphinx (>=1.3)", "testpath", "ipykernel", "numpy", "ipywidgets", "notebook", "qtconsole"]
doc = ["Sphinx (>=1.3)"]
kernel = ["ipykernel"]
nbconvert = ["nbconvert"]
nbformat = ["nbformat"]
notebook = ["notebook", "ipywidgets"]
parallel = ["ipyparallel"]
qtconsole = ["qtconsole"]
test = ["nose (>=0.10.1)", "requests", "testpath", "pygments", "nbformat", "ipykernel", "numpy"]

[[package]]
category = "dev"
description = "Vestigial utilities from IPython"
marker = "python_version >= \"3.3\""
name = "ipython-genutils"
optional = false
python-versions = "*"
version = "0.2.0"

[[package]]
category = "dev"
description = "An autocompletion tool for Python that can be used for text editors."
marker = "python_version >= \"3.3\""
name = "jedi"
optional = false
python-versions = ">=2.7, !=3.0.*, !=3.1.*, !=3.2.*, !=3.3.*"
version = "0.13.2"

[package.dependencies]
parso = ">=0.3.0"

[package.extras]
testing = ["colorama", "docopt", "pytest (>=3.1.0)"]

[[package]]
category = "main"
description = "Python package for creating and manipulating graphs and networks"
name = "networkx"
optional = false
python-versions = "*"
version = "2.2"

[package.dependencies]
decorator = ">=4.3.0"

[package.extras]
all = ["numpy", "scipy", "pandas", "matplotlib", "pygraphviz", "pydot", "pyyaml", "gdal", "lxml", "nose"]
gdal = ["gdal"]
lxml = ["lxml"]
matplotlib = ["matplotlib"]
nose = ["nose"]
numpy = ["numpy"]
pandas = ["pandas"]
pydot = ["pydot"]
pygraphviz = ["pygraphviz"]
pyyaml = ["pyyaml"]
scipy = ["scipy"]

[[package]]
category = "main"
description = "NumPy is the fundamental package for array computing with Python."
name = "numpy"
optional = false
python-versions = ">=3.5"
version = "1.17.4"

[[package]]
category = "main"
description = "A generic, spec-compliant, thorough implementation of the OAuth request-signing logic"
name = "oauthlib"
optional = false
python-versions = ">=2.7, !=3.0.*, !=3.1.*, !=3.2.*, !=3.3.*"
version = "3.0.1"

[package.extras]
rsa = ["cryptography"]
signals = ["blinker"]
signedtoken = ["cryptography", "pyjwt (>=1.0.0)"]

[[package]]
category = "dev"
description = "A Python Parser"
marker = "python_version >= \"3.3\""
name = "parso"
optional = false
python-versions = "*"
version = "0.3.1"

[[package]]
category = "dev"
description = "Pexpect allows easy control of interactive console applications."
marker = "python_version >= \"3.3\" and sys_platform != \"win32\""
name = "pexpect"
optional = false
python-versions = "*"
version = "4.6.0"

[package.dependencies]
ptyprocess = ">=0.5"

[[package]]
category = "dev"
description = "Tiny 'shelve'-like database with concurrency support"
marker = "python_version >= \"3.3\""
name = "pickleshare"
optional = false
python-versions = "*"
version = "0.7.5"

[[package]]
category = "main"
description = "Python Imaging Library (Fork)"
name = "pillow"
optional = false
python-versions = ">=2.7, !=3.0.*, !=3.1.*, !=3.2.*, !=3.3.*"
version = "5.3.0"

[[package]]
category = "dev"
description = "Library for building powerful interactive command lines in Python"
marker = "python_version >= \"3.3\""
name = "prompt-toolkit"
optional = false
python-versions = "*"
version = "2.0.7"

[package.dependencies]
six = ">=1.9.0"
wcwidth = "*"

[[package]]
category = "main"
description = "psycopg2 - Python-PostgreSQL Database Adapter"
name = "psycopg2-binary"
optional = false
python-versions = "*"
version = "2.7.7"

[[package]]
category = "dev"
description = "Run a subprocess in a pseudo terminal"
marker = "python_version >= \"3.3\" and sys_platform != \"win32\""
name = "ptyprocess"
optional = false
python-versions = "*"
version = "0.6.0"

[[package]]
category = "dev"
description = "Pygments is a syntax highlighting package written in Python."
marker = "python_version >= \"3.3\""
name = "pygments"
optional = false
python-versions = "*"
version = "2.3.1"

[[package]]
category = "main"
description = "Add .env support to your django/flask apps in development and deployments"
name = "python-dotenv"
optional = false
python-versions = "*"
version = "0.10.1"

[package.extras]
cli = ["click (>=5.0)"]

[[package]]
category = "main"
description = "A Python wrapper around the Twitter API"
name = "python-twitter"
optional = false
python-versions = "*"
version = "3.5"

[package.dependencies]
future = "*"
requests = "*"
requests-oauthlib = "*"

[[package]]
category = "main"
description = "World timezone definitions, modern and historical"
name = "pytz"
optional = false
python-versions = "*"
version = "2018.7"

[[package]]
category = "main"
description = "The standard Python readline extension statically linked against the GNU readline library."
name = "readline"
optional = false
python-versions = "*"
version = "6.2.4.1"

[[package]]
category = "main"
description = "Python HTTP for Humans."
name = "requests"
optional = false
python-versions = ">=2.7, !=3.0.*, !=3.1.*, !=3.2.*, !=3.3.*"
version = "2.21.0"

[package.dependencies]
certifi = ">=2017.4.17"
chardet = ">=3.0.2,<3.1.0"
idna = ">=2.5,<2.9"
urllib3 = ">=1.21.1,<1.25"

[package.extras]
security = ["pyOpenSSL (>=0.14)", "cryptography (>=1.3.4)", "idna (>=2.0.0)"]
socks = ["PySocks (>=1.5.6,<1.5.7 || >1.5.7)", "win-inet-pton"]

[[package]]
category = "main"
description = "OAuthlib authentication support for Requests."
name = "requests-oauthlib"
optional = false
python-versions = ">=2.7, !=3.0.*, !=3.1.*, !=3.2.*, !=3.3.*"
version = "1.2.0"

[package.dependencies]
oauthlib = ">=3.0.0"
requests = ">=2.0.0"

[package.extras]
rsa = ["oauthlib (>=3.0.0)"]

[[package]]
category = "main"
description = "Python 2 and 3 compatibility utilities"
name = "six"
optional = false
python-versions = ">=2.6, !=3.0.*, !=3.1.*"
version = "1.12.0"

[[package]]
category = "main"
description = "Thumbnails for Django"
name = "sorl-thumbnail"
optional = false
python-versions = "*"
version = "12.5.0"

[[package]]
category = "dev"
description = "A modern CSS selector implementation for Beautiful Soup."
name = "soupsieve"
optional = false
python-versions = "*"
version = "1.9.1"

[[package]]
category = "dev"
description = "Traitlets Python config system"
marker = "python_version >= \"3.3\""
name = "traitlets"
optional = false
python-versions = "*"
version = "4.3.2"

[package.dependencies]
decorator = "*"
ipython-genutils = "*"
six = "*"

[package.extras]
test = ["pytest", "mock"]

[[package]]
category = "main"
description = "HTTP library with thread-safe connection pooling, file post, and more."
name = "urllib3"
optional = false
python-versions = ">=2.7, !=3.0.*, !=3.1.*, !=3.2.*, !=3.3.*, <4"
version = "1.24.1"

[package.extras]
secure = ["pyOpenSSL (>=0.14)", "cryptography (>=1.3.4)", "idna (>=2.0.0)", "certifi", "ipaddress"]
socks = ["PySocks (>=1.5.6,<1.5.7 || >1.5.7,<2.0)"]

[[package]]
category = "dev"
description = "Measures number of Terminal column cells of wide-character codes"
marker = "python_version >= \"3.3\""
name = "wcwidth"
optional = false
python-versions = "*"
version = "0.1.7"

[metadata]
content-hash = "a53ee57c1020cd3707fad2aaadabb16a6b124f5d0fcb7b398eb730c56730dde4"
python-versions = "^3.7"

[metadata.files]
appnope = [
    {file = "appnope-0.1.0-py2.py3-none-any.whl", hash = "sha256:5b26757dc6f79a3b7dc9fab95359328d5747fcb2409d331ea66d0272b90ab2a0"},
    {file = "appnope-0.1.0.tar.gz", hash = "sha256:8b995ffe925347a2138d7ac0fe77155e4311a0ea6d6da4f5128fe4b3cbe5ed71"},
]
backcall = [
    {file = "backcall-0.1.0.tar.gz", hash = "sha256:38ecd85be2c1e78f77fd91700c76e14667dc21e2713b63876c0eb901196e01e4"},
    {file = "backcall-0.1.0.zip", hash = "sha256:bbbf4b1e5cd2bdb08f915895b51081c041bac22394fdfcfdfbe9f14b77c08bf2"},
]
beautifulsoup4 = [
    {file = "beautifulsoup4-4.7.1-py2-none-any.whl", hash = "sha256:ba6d5c59906a85ac23dadfe5c88deaf3e179ef565f4898671253e50a78680718"},
    {file = "beautifulsoup4-4.7.1-py3-none-any.whl", hash = "sha256:034740f6cb549b4e932ae1ab975581e6103ac8f942200a0e9759065984391858"},
    {file = "beautifulsoup4-4.7.1.tar.gz", hash = "sha256:945065979fb8529dd2f37dbb58f00b661bdbcbebf954f93b32fdf5263ef35348"},
]
better-exceptions = [
    {file = "better_exceptions-0.2.1.tar.gz", hash = "sha256:0a73efef96b48f867ea980227ac3b00d36a92754e6d316ad2ee472f136014580"},
]
certifi = [
    {file = "certifi-2018.11.29-py2.py3-none-any.whl", hash = "sha256:993f830721089fef441cdfeb4b2c8c9df86f0c63239f06bd025a76a7daddb033"},
    {file = "certifi-2018.11.29.tar.gz", hash = "sha256:47f9c83ef4c0c621eaef743f133f09fa8a74a9b75f037e8624f83bd1b6626cb7"},
]
chardet = [
    {file = "chardet-3.0.4-py2.py3-none-any.whl", hash = "sha256:fc323ffcaeaed0e0a02bf4d117757b98aed530d9ed4531e3e15460124c106691"},
    {file = "chardet-3.0.4.tar.gz", hash = "sha256:84ab92ed1c4d4f16916e05906b6b75a6c0fb5db821cc65e70cbd64a3e2a5eaae"},
]
colorama = [
    {file = "colorama-0.4.1-py2.py3-none-any.whl", hash = "sha256:f8ac84de7840f5b9c4e3347b3c1eaa50f7e49c2b07596221daec5edaabbd7c48"},
    {file = "colorama-0.4.1.tar.gz", hash = "sha256:05eed71e2e327246ad6b38c540c4a3117230b19679b875190486ddd2d721422d"},
]
colorcorrect = [
    {file = "colorcorrect-0.8.tar.gz", hash = "sha256:23e1e8296e75b9233e5f0a380407cc91d14f00d645d7d0a7ce1a9229410ba992"},
]
colormath = [
    {file = "colormath-3.0.0.tar.gz", hash = "sha256:3d4605af344527da0e4f9f504fad7ddbebda35322c566a6c72e28edb1ff31217"},
]
colorthief = [
    {file = "colorthief-0.2.1-py2.py3-none-any.whl", hash = "sha256:b04fc8ce5cf9c888768745e29cb19b7b688d5711af6fba26e8057debabec56b9"},
    {file = "colorthief-0.2.1.tar.gz", hash = "sha256:079cb0c95bdd669c4643e2f7494de13b0b6029d5cdbe2d74d5d3c3386bd57221"},
]
decorator = [
    {file = "decorator-4.3.0-py2.py3-none-any.whl", hash = "sha256:2c51dff8ef3c447388fe5e4453d24a2bf128d3a4c32af3fabef1f01c6851ab82"},
    {file = "decorator-4.3.0.tar.gz", hash = "sha256:c39efa13fbdeb4506c476c9b3babf6a718da943dab7811c206005a4a956c080c"},
]
django = [
    {file = "Django-2.1.4-py3-none-any.whl", hash = "sha256:55409a056b27e6d1246f19ede41c6c610e4cab549c005b62cbeefabc6433356b"},
    {file = "Django-2.1.4.tar.gz", hash = "sha256:068d51054083d06ceb32ce02b7203f1854256047a0d58682677dd4f81bceabd7"},
]
django-smartfields = [
    {file = "django-smartfields-1.0.9.tar.gz", hash = "sha256:77020d950da77c52d53aab9ae049978ff26339139c5c63ab58268726c18db30e"},
    {file = "django_smartfields-1.0.9-py2.py3-none-any.whl", hash = "sha256:4bd7c78059e979467432735a06fbd9d50ab0f6dccddfcde226d4439836acb4a6"},
]
django-taggit = [
    {file = "django-taggit-1.1.0.tar.gz", hash = "sha256:01bf163f66f385de3777378f43338aba93aae8673891d8ba9a20695b2ffb8e10"},
    {file = "django_taggit-1.1.0-py3-none-any.whl", hash = "sha256:c13dfc1808a3084b64898e591af1d2f49b672d108388654804b170ee0ac5caf0"},
]
djangorestframework = [
    {file = "djangorestframework-3.11.0-py3-none-any.whl", hash = "sha256:05809fc66e1c997fd9a32ea5730d9f4ba28b109b9da71fccfa5ff241201fd0a4"},
    {file = "djangorestframework-3.11.0.tar.gz", hash = "sha256:e782087823c47a26826ee5b6fa0c542968219263fb3976ec3c31edab23a4001f"},
]
future = [
    {file = "future-0.17.1.tar.gz", hash = "sha256:67045236dcfd6816dc439556d009594abf643e5eb48992e36beac09c2ca659b8"},
]
gunicorn = [
    {file = "gunicorn-19.9.0-py2.py3-none-any.whl", hash = "sha256:aa8e0b40b4157b36a5df5e599f45c9c76d6af43845ba3b3b0efe2c70473c2471"},
    {file = "gunicorn-19.9.0.tar.gz", hash = "sha256:fa2662097c66f920f53f70621c6c58ca4a3c4d3434205e608e121b5b3b71f4f3"},
]
idna = [
    {file = "idna-2.8-py2.py3-none-any.whl", hash = "sha256:ea8b7f6188e6fa117537c3df7da9fc686d485087abf6ac197f9c46432f7e4a3c"},
    {file = "idna-2.8.tar.gz", hash = "sha256:c357b3f628cf53ae2c4c05627ecc484553142ca23264e593d327bcde5e9c3407"},
]
ipdb = [
    {file = "ipdb-0.11.tar.gz", hash = "sha256:7081c65ed7bfe7737f83fa4213ca8afd9617b42ff6b3f1daf9a3419839a2a00a"},
]
ipython = [
    {file = "ipython-7.2.0-py3-none-any.whl", hash = "sha256:f69932b1e806b38a7818d9a1e918e5821b685715040b48e59c657b3c7961b742"},
    {file = "ipython-7.2.0.tar.gz", hash = "sha256:6a9496209b76463f1dec126ab928919aaf1f55b38beb9219af3fe202f6bbdd12"},
]
ipython-genutils = [
    {file = "ipython_genutils-0.2.0-py2.py3-none-any.whl", hash = "sha256:72dd37233799e619666c9f639a9da83c34013a73e8bbc79a7a6348d93c61fab8"},
    {file = "ipython_genutils-0.2.0.tar.gz", hash = "sha256:eb2e116e75ecef9d4d228fdc66af54269afa26ab4463042e33785b887c628ba8"},
]
jedi = [
    {file = "jedi-0.13.2-py2.py3-none-any.whl", hash = "sha256:c8481b5e59d34a5c7c42e98f6625e633f6ef59353abea6437472c7ec2093f191"},
    {file = "jedi-0.13.2.tar.gz", hash = "sha256:571702b5bd167911fe9036e5039ba67f820d6502832285cde8c881ab2b2149fd"},
]
networkx = [
    {file = "networkx-2.2.zip", hash = "sha256:45e56f7ab6fe81652fb4bc9f44faddb0e9025f469f602df14e3b2551c2ea5c8b"},
]
numpy = [
    {file = "numpy-1.17.4-cp35-cp35m-macosx_10_6_intel.whl", hash = "sha256:ede47b98de79565fcd7f2decb475e2dcc85ee4097743e551fe26cfc7eb3ff143"},
    {file = "numpy-1.17.4-cp35-cp35m-manylinux1_i686.whl", hash = "sha256:43bb4b70585f1c2d153e45323a886839f98af8bfa810f7014b20be714c37c447"},
    {file = "numpy-1.17.4-cp35-cp35m-manylinux1_x86_64.whl", hash = "sha256:c7354e8f0eca5c110b7e978034cd86ed98a7a5ffcf69ca97535445a595e07b8e"},
    {file = "numpy-1.17.4-cp35-cp35m-win32.whl", hash = "sha256:64874913367f18eb3013b16123c9fed113962e75d809fca5b78ebfbb73ed93ba"},
    {file = "numpy-1.17.4-cp35-cp35m-win_amd64.whl", hash = "sha256:6ca4000c4a6f95a78c33c7dadbb9495c10880be9c89316aa536eac359ab820ae"},
    {file = "numpy-1.17.4-cp36-cp36m-macosx_10_9_x86_64.whl", hash = "sha256:75fd817b7061f6378e4659dd792c84c0b60533e867f83e0d1e52d5d8e53df88c"},
    {file = "numpy-1.17.4-cp36-cp36m-manylinux1_i686.whl", hash = "sha256:7d81d784bdbed30137aca242ab307f3e65c8d93f4c7b7d8f322110b2e90177f9"},
    {file = "numpy-1.17.4-cp36-cp36m-manylinux1_x86_64.whl", hash = "sha256:fe39f5fd4103ec4ca3cb8600b19216cd1ff316b4990f4c0b6057ad982c0a34d5"},
    {file = "numpy-1.17.4-cp36-cp36m-win32.whl", hash = "sha256:e467c57121fe1b78a8f68dd9255fbb3bb3f4f7547c6b9e109f31d14569f490c3"},
    {file = "numpy-1.17.4-cp36-cp36m-win_amd64.whl", hash = "sha256:8d0af8d3664f142414fd5b15cabfd3b6cc3ef242a3c7a7493257025be5a6955f"},
    {file = "numpy-1.17.4-cp37-cp37m-macosx_10_9_x86_64.whl", hash = "sha256:9679831005fb16c6df3dd35d17aa31dc0d4d7573d84f0b44cc481490a65c7725"},
    {file = "numpy-1.17.4-cp37-cp37m-manylinux1_i686.whl", hash = "sha256:acbf5c52db4adb366c064d0b7c7899e3e778d89db585feadd23b06b587d64761"},
    {file = "numpy-1.17.4-cp37-cp37m-manylinux1_x86_64.whl", hash = "sha256:3d52298d0be333583739f1aec9026f3b09fdfe3ddf7c7028cb16d9d2af1cca7e"},
    {file = "numpy-1.17.4-cp37-cp37m-win32.whl", hash = "sha256:475963c5b9e116c38ad7347e154e5651d05a2286d86455671f5b1eebba5feb76"},
    {file = "numpy-1.17.4-cp37-cp37m-win_amd64.whl", hash = "sha256:0c0763787133dfeec19904c22c7e358b231c87ba3206b211652f8cbe1241deb6"},
    {file = "numpy-1.17.4-cp38-cp38-macosx_10_9_x86_64.whl", hash = "sha256:683828e50c339fc9e68720396f2de14253992c495fdddef77a1e17de55f1decc"},
    {file = "numpy-1.17.4-cp38-cp38-manylinux1_i686.whl", hash = "sha256:e2e9d8c87120ba2c591f60e32736b82b67f72c37ba88a4c23c81b5b8fa49c018"},
    {file = "numpy-1.17.4-cp38-cp38-manylinux1_x86_64.whl", hash = "sha256:a8f67ebfae9f575d85fa859b54d3bdecaeece74e3274b0b5c5f804d7ca789fe1"},
    {file = "numpy-1.17.4-cp38-cp38-win32.whl", hash = "sha256:0a7a1dd123aecc9f0076934288ceed7fd9a81ba3919f11a855a7887cbe82a02f"},
    {file = "numpy-1.17.4-cp38-cp38-win_amd64.whl", hash = "sha256:ada4805ed51f5bcaa3a06d3dd94939351869c095e30a2b54264f5a5004b52170"},
    {file = "numpy-1.17.4.zip", hash = "sha256:f58913e9227400f1395c7b800503ebfdb0772f1c33ff8cb4d6451c06cabdf316"},
]
oauthlib = [
    {file = "oauthlib-3.0.1-py2.py3-none-any.whl", hash = "sha256:3e1e14f6cde7e5475128d30e97edc3bfb4dc857cb884d8714ec161fdbb3b358e"},
    {file = "oauthlib-3.0.1.tar.gz", hash = "sha256:0ce32c5d989a1827e3f1148f98b9085ed2370fc939bf524c9c851d8714797298"},
]
parso = [
    {file = "parso-0.3.1-py2.py3-none-any.whl", hash = "sha256:895c63e93b94ac1e1690f5fdd40b65f07c8171e3e53cbd7793b5b96c0e0a7f24"},
    {file = "parso-0.3.1.tar.gz", hash = "sha256:35704a43a3c113cce4de228ddb39aab374b8004f4f2407d070b6a2ca784ce8a2"},
]
pexpect = [
    {file = "pexpect-4.6.0-py2.py3-none-any.whl", hash = "sha256:3fbd41d4caf27fa4a377bfd16fef87271099463e6fa73e92a52f92dfee5d425b"},
    {file = "pexpect-4.6.0.tar.gz", hash = "sha256:2a8e88259839571d1251d278476f3eec5db26deb73a70be5ed5dc5435e418aba"},
]
pickleshare = [
    {file = "pickleshare-0.7.5-py2.py3-none-any.whl", hash = "sha256:9649af414d74d4df115d5d718f82acb59c9d418196b7b4290ed47a12ce62df56"},
    {file = "pickleshare-0.7.5.tar.gz", hash = "sha256:87683d47965c1da65cdacaf31c8441d12b8044cdec9aca500cd78fc2c683afca"},
]
pillow = [
    {file = "Pillow-5.3.0-cp27-cp27m-macosx_10_6_intel.macosx_10_9_intel.macosx_10_9_x86_64.macosx_10_10_intel.macosx_10_10_x86_64.whl", hash = "sha256:aa6ca3eb56704cdc0d876fc6047ffd5ee960caad52452fbee0f99908a141a0ae"},
    {file = "Pillow-5.3.0-cp27-cp27m-manylinux1_i686.whl", hash = "sha256:db5499d0710823fa4fb88206050d46544e8f0e0136a9a5f5570b026584c8fd74"},
    {file = "Pillow-5.3.0-cp27-cp27m-manylinux1_x86_64.whl", hash = "sha256:5280ebc42641a1283b7b1f2c20e5b936692198b9dd9995527c18b794850be1a8"},
    {file = "Pillow-5.3.0-cp27-cp27m-win32.whl", hash = "sha256:5e34e4b5764af65551647f5cc67cf5198c1d05621781d5173b342e5e55bf023b"},
    {file = "Pillow-5.3.0-cp27-cp27m-win_amd64.whl", hash = "sha256:48a9f0538c91fc136b3a576bee0e7cd174773dc9920b310c21dcb5519722e82c"},
    {file = "Pillow-5.3.0-cp27-cp27mu-manylinux1_i686.whl", hash = "sha256:696b5e0109fe368d0057f484e2e91717b49a03f1e310f857f133a4acec9f91dd"},
    {file = "Pillow-5.3.0-cp27-cp27mu-manylinux1_x86_64.whl", hash = "sha256:99a3bbdbb844f4fb5d6dd59fac836a40749781c1fa63c563bc216c27aef63f60"},
    {file = "Pillow-5.3.0-cp34-cp34m-macosx_10_6_intel.macosx_10_9_intel.macosx_10_9_x86_64.macosx_10_10_intel.macosx_10_10_x86_64.whl", hash = "sha256:dae06620d3978da346375ebf88b9e2dd7d151335ba668c995aea9ed07af7add4"},
    {file = "Pillow-5.3.0-cp34-cp34m-manylinux1_i686.whl", hash = "sha256:0616f800f348664e694dddb0b0c88d26761dd5e9f34e1ed7b7a7d2da14b40cb7"},
    {file = "Pillow-5.3.0-cp34-cp34m-manylinux1_x86_64.whl", hash = "sha256:b78905860336c1d292409e3df6ad39cc1f1c7f0964e66844bbc2ebfca434d073"},
    {file = "Pillow-5.3.0-cp34-cp34m-win32.whl", hash = "sha256:f36baafd82119c4a114b9518202f2a983819101dcc14b26e43fc12cbefdce00e"},
    {file = "Pillow-5.3.0-cp34-cp34m-win_amd64.whl", hash = "sha256:a5a96cf49eb580756a44ecf12949e52f211e20bffbf5a95760ac14b1e499cd37"},
    {file = "Pillow-5.3.0-cp35-cp35m-macosx_10_6_intel.macosx_10_9_intel.macosx_10_9_x86_64.macosx_10_10_intel.macosx_10_10_x86_64.whl", hash = "sha256:c99aa3c63104e0818ec566f8ff3942fb7c7a8f35f9912cb63fd8e12318b214b2"},
    {file = "Pillow-5.3.0-cp35-cp35m-manylinux1_i686.whl", hash = "sha256:ff8cff01582fa1a7e533cb97f628531c4014af4b5f38e33cdcfe5eec29b6d888"},
    {file = "Pillow-5.3.0-cp35-cp35m-manylinux1_x86_64.whl", hash = "sha256:1f7908aab90c92ad85af9d2fec5fc79456a89b3adcc26314d2cde0e238bd789e"},
    {file = "Pillow-5.3.0-cp35-cp35m-win32.whl", hash = "sha256:00203f406818c3f45d47bb8fe7e67d3feddb8dcbbd45a289a1de7dd789226360"},
    {file = "Pillow-5.3.0-cp35-cp35m-win_amd64.whl", hash = "sha256:870ed021a42b1b02b5fe4a739ea735f671a84128c0a666c705db2cb9abd528eb"},
    {file = "Pillow-5.3.0-cp36-cp36m-macosx_10_6_intel.macosx_10_9_intel.macosx_10_9_x86_64.macosx_10_10_intel.macosx_10_10_x86_64.whl", hash = "sha256:63b120421ab85cad909792583f83b6ca3584610c2fe70751e23f606a3c2e87f0"},
    {file = "Pillow-5.3.0-cp36-cp36m-manylinux1_i686.whl", hash = "sha256:99db8dc3097ceafbcff9cb2bff384b974795edeb11d167d391a02c7bfeeb6e16"},
    {file = "Pillow-5.3.0-cp36-cp36m-manylinux1_x86_64.whl", hash = "sha256:987e1c94a33c93d9b209315bfda9faa54b8edfce6438a1e93ae866ba20de5956"},
    {file = "Pillow-5.3.0-cp36-cp36m-win32.whl", hash = "sha256:bfde84bbd6ae5f782206d454b67b7ee8f7f818c29b99fd02bf022fd33bab14cb"},
    {file = "Pillow-5.3.0-cp36-cp36m-win_amd64.whl", hash = "sha256:9303a289fa0811e1c6abd9ddebfc770556d7c3311cb2b32eff72164ddc49bc64"},
    {file = "Pillow-5.3.0-cp37-cp37m-macosx_10_6_intel.macosx_10_9_intel.macosx_10_9_x86_64.macosx_10_10_intel.macosx_10_10_x86_64.whl", hash = "sha256:c5e2be6c263b64f6f7656e23e18a4a9980cffc671442795682e8c4e4f815dd9f"},
    {file = "Pillow-5.3.0-cp37-cp37m-manylinux1_i686.whl", hash = "sha256:c2b62d3df80e694c0e4a0ed47754c9480521e25642251b3ab1dff050a4e60409"},
    {file = "Pillow-5.3.0-cp37-cp37m-manylinux1_x86_64.whl", hash = "sha256:aade5e66795c94e4a2b2624affeea8979648d1b0ae3fcee17e74e2c647fc4a8a"},
    {file = "Pillow-5.3.0-cp37-cp37m-win32.whl", hash = "sha256:b92f521cdc4e4a3041cc343625b699f20b0b5f976793fb45681aac1efda565f8"},
    {file = "Pillow-5.3.0-cp37-cp37m-win_amd64.whl", hash = "sha256:916da1c19e4012d06a372127d7140dae894806fad67ef44330e5600d77833581"},
    {file = "Pillow-5.3.0-pp260-pypy_41-win32.whl", hash = "sha256:f52b79c8796d81391ab295b04e520bda6feed54d54931708872e8f9ae9db0ea1"},
    {file = "Pillow-5.3.0-pp360-pp360-win32.whl", hash = "sha256:9577888ecc0ad7d06c3746afaba339c94d62b59da16f7a5d1cff9e491f23dace"},
    {file = "Pillow-5.3.0-py2.7-win-amd64.egg", hash = "sha256:dcd3cd17d291e01e47636101c4a6638ffb44c842d009973e3b5c1b67ff718c58"},
    {file = "Pillow-5.3.0-py2.7-win32.egg", hash = "sha256:0d67ae9a5937b1348fa1d97c7dcb6b56aaef828ca6655298e96f2f3114ad829d"},
    {file = "Pillow-5.3.0-py3.4-win-amd64.egg", hash = "sha256:a379526415f54f9462bc65a4da76fb0acc05e3b2a21717dde79621cf4377e0e6"},
    {file = "Pillow-5.3.0-py3.4-win32.egg", hash = "sha256:a844b5d8120f99fb7cd276ff544ac5bd562b0c053760d59694e6bf747c6ca7f5"},
    {file = "Pillow-5.3.0-py3.5-win-amd64.egg", hash = "sha256:7e3e32346d991f1788026917d0a9c182d6d32dc757163eee7ca990f1f831499e"},
    {file = "Pillow-5.3.0-py3.5-win32.egg", hash = "sha256:7306d851d5a0cfac9ea07f1177783836f4b37292e5f224a534a52111cb6a6451"},
    {file = "Pillow-5.3.0-py3.6-win-amd64.egg", hash = "sha256:bb2baf44e97811687893873eab8cf9f18b40321cc15d15ff9f91dc031e30631f"},
    {file = "Pillow-5.3.0-py3.6-win32.egg", hash = "sha256:a9284368e81a67a7f47d5ef1ef7e4f11a4f688485879f44cf5f9090bba1f9d94"},
    {file = "Pillow-5.3.0-py3.7-win-amd64.egg", hash = "sha256:39b662f65a067709a62943003c1e807d140e7fcf631fcfc66ebe905f8149b9f4"},
    {file = "Pillow-5.3.0-py3.7-win32.egg", hash = "sha256:fa49bb60792b542b95ca93a39041e7113843093ce3cfd216870118eb3798fcc9"},
    {file = "Pillow-5.3.0.tar.gz", hash = "sha256:2ea3517cd5779843de8a759c2349a3cd8d3893e03ab47053b66d5ec6f8bc4f93"},
    {file = "Pillow-5.3.0.win-amd64-py2.7.exe", hash = "sha256:6cb528de694f503ea164541c151da6c18267727a7558e0c9716cc0383d89658a"},
    {file = "Pillow-5.3.0.win-amd64-py3.4.exe", hash = "sha256:fa2a50f762d06d84125db0b95d0121e9c640afa7edc23fc0848896760a390f8e"},
    {file = "Pillow-5.3.0.win-amd64-py3.5.exe", hash = "sha256:f12df6b45abc18f27f6e21ce26f7cbf7aa19820911462e46536e22085658ca1e"},
    {file = "Pillow-5.3.0.win-amd64-py3.6.exe", hash = "sha256:c55d348c1c65896c1bd804527de4880d251ae832acf90d74ad525bb79e77d55c"},
    {file = "Pillow-5.3.0.win-amd64-py3.7.exe", hash = "sha256:091136f2a37e9ed6bd8ce96fbf5269199ba6edee490d64de7ac934316f31ecca"},
    {file = "Pillow-5.3.0.win32-py2.7.exe", hash = "sha256:ffbccfe1c077b5f41738bd719518213c217be7a7a12a7e74113d05a0d6617390"},
    {file = "Pillow-5.3.0.win32-py3.4.exe", hash = "sha256:0e1aaddd00ee9014fe7a61b9da61427233fcd7c7f193b5efd6689e0ec36bc42f"},
    {file = "Pillow-5.3.0.win32-py3.5.exe", hash = "sha256:576a8a7a57065dab968d9d18befa2594a7673dcdab78c9b1f34248410cc6118f"},
    {file = "Pillow-5.3.0.win32-py3.6.exe", hash = "sha256:3ddc19447cf42ef3ec564ab7ebbd4f67838ba9816d739befe29dd70149c775bd"},
    {file = "Pillow-5.3.0.win32-py3.7.exe", hash = "sha256:5e334a23c8f7cb6079987a2ed9978821a42b4323a3a3bdbc132945348737f9a9"},
]
prompt-toolkit = [
    {file = "prompt_toolkit-2.0.7-py2-none-any.whl", hash = "sha256:d4c47f79b635a0e70b84fdb97ebd9a274203706b1ee5ed44c10da62755cf3ec9"},
    {file = "prompt_toolkit-2.0.7-py3-none-any.whl", hash = "sha256:c1d6aff5252ab2ef391c2fe498ed8c088066f66bc64a8d5c095bbf795d9fec34"},
    {file = "prompt_toolkit-2.0.7.tar.gz", hash = "sha256:fd17048d8335c1e6d5ee403c3569953ba3eb8555d710bfc548faf0712666ea39"},
]
psycopg2-binary = [
    {file = "psycopg2-binary-2.7.7.tar.gz", hash = "sha256:b19e9f1b85c5d6136f5a0549abdc55dcbd63aba18b4f10d0d063eb65ef2c68b4"},
    {file = "psycopg2_binary-2.7.7-cp27-cp27m-macosx_10_6_intel.macosx_10_9_intel.macosx_10_9_x86_64.macosx_10_10_intel.macosx_10_10_x86_64.whl", hash = "sha256:ec43358c105794bc2b6fd34c68d27f92bea7102393c01889e93f4b6a70975728"},
    {file = "psycopg2_binary-2.7.7-cp27-cp27m-manylinux1_i686.whl", hash = "sha256:9a7bccb1212e63f309eb9fab47b6eaef796f59850f169a25695b248ca1bf681b"},
    {file = "psycopg2_binary-2.7.7-cp27-cp27m-manylinux1_x86_64.whl", hash = "sha256:2e952fa17ba48cbc2dc063ddeec37d7dc4ea0ef7db0ac1eda8906365a8543f31"},
    {file = "psycopg2_binary-2.7.7-cp27-cp27m-win32.whl", hash = "sha256:79cde4660de6f0bb523c229763bd8ad9a93ac6760b72c369cf1213955c430934"},
    {file = "psycopg2_binary-2.7.7-cp27-cp27m-win_amd64.whl", hash = "sha256:96b4e902cde37a7fc6ab306b3ac089a3949e6ce3d824eeca5b19dc0bedb9f6e2"},
    {file = "psycopg2_binary-2.7.7-cp27-cp27mu-manylinux1_i686.whl", hash = "sha256:19a2d1f3567b30f6c2bb3baea23f74f69d51f0c06c2e2082d0d9c28b0733a4c2"},
    {file = "psycopg2_binary-2.7.7-cp27-cp27mu-manylinux1_x86_64.whl", hash = "sha256:df6444f952ca849016902662e1a47abf4fa0678d75f92fd9dd27f20525f809cd"},
    {file = "psycopg2_binary-2.7.7-cp33-cp33m-win32.whl", hash = "sha256:7c8159352244e11bdd422226aa17651110b600d175220c451a9acf795e7414e0"},
    {file = "psycopg2_binary-2.7.7-cp33-cp33m-win_amd64.whl", hash = "sha256:d444b1545430ffc1e7a24ce5a9be122ccd3b135a7b7e695c5862c5aff0b11159"},
    {file = "psycopg2_binary-2.7.7-cp34-cp34m-macosx_10_6_intel.macosx_10_9_intel.macosx_10_9_x86_64.macosx_10_10_intel.macosx_10_10_x86_64.whl", hash = "sha256:cb095a0657d792c8de9f7c9a0452385a309dfb1bbbb3357d6b1e216353ade6ca"},
    {file = "psycopg2_binary-2.7.7-cp34-cp34m-manylinux1_i686.whl", hash = "sha256:bde7959ef012b628868d69c474ec4920252656d0800835ed999ba5e4f57e3e2e"},
    {file = "psycopg2_binary-2.7.7-cp34-cp34m-manylinux1_x86_64.whl", hash = "sha256:f4c6926d9c03dadce7a3b378b40d2fea912c1344ef9b29869f984fb3d2a2420b"},
    {file = "psycopg2_binary-2.7.7-cp34-cp34m-win32.whl", hash = "sha256:2b69cf4b0fa2716fd977aa4e1fd39af6110eb47b2bb30b4e5a469d8fbecfc102"},
    {file = "psycopg2_binary-2.7.7-cp34-cp34m-win_amd64.whl", hash = "sha256:587098ca4fc46c95736459d171102336af12f0d415b3b865972a79c03f06259f"},
    {file = "psycopg2_binary-2.7.7-cp35-cp35m-macosx_10_6_intel.macosx_10_9_intel.macosx_10_9_x86_64.macosx_10_10_intel.macosx_10_10_x86_64.whl", hash = "sha256:676d1a80b1eebc0cacae8dd09b2fde24213173bf65650d22b038c5ed4039f392"},
    {file = "psycopg2_binary-2.7.7-cp35-cp35m-manylinux1_i686.whl", hash = "sha256:4957452f7868f43f32c090dadb4188e9c74a4687323c87a882e943c2bd4780c3"},
    {file = "psycopg2_binary-2.7.7-cp35-cp35m-manylinux1_x86_64.whl", hash = "sha256:5b79368bcdb1da4a05f931b62760bea0955ee2c81531d8e84625df2defd3f709"},
    {file = "psycopg2_binary-2.7.7-cp35-cp35m-win32.whl", hash = "sha256:6b0211ecda389101a7d1d3df2eba0cf7ffbdd2480ca6f1d2257c7bd739e84110"},
    {file = "psycopg2_binary-2.7.7-cp35-cp35m-win_amd64.whl", hash = "sha256:d16d42a1b9772152c1fe606f679b2316551f7e1a1ce273e7f808e82a136cdb3d"},
    {file = "psycopg2_binary-2.7.7-cp36-cp36m-macosx_10_6_intel.macosx_10_9_intel.macosx_10_9_x86_64.macosx_10_10_intel.macosx_10_10_x86_64.whl", hash = "sha256:5138cec2ee1e53a671e11cc519505eb08aaaaf390c508f25b09605763d48de4b"},
    {file = "psycopg2_binary-2.7.7-cp36-cp36m-manylinux1_i686.whl", hash = "sha256:7aba9786ac32c2a6d5fb446002ed936b47d5e1f10c466ef7e48f66eb9f9ebe3b"},
    {file = "psycopg2_binary-2.7.7-cp36-cp36m-manylinux1_x86_64.whl", hash = "sha256:e63850d8c52ba2b502662bf3c02603175c2397a9acc756090e444ce49508d41e"},
    {file = "psycopg2_binary-2.7.7-cp36-cp36m-win32.whl", hash = "sha256:945f2eedf4fc6b2432697eb90bb98cc467de5147869e57405bfc31fa0b824741"},
    {file = "psycopg2_binary-2.7.7-cp36-cp36m-win_amd64.whl", hash = "sha256:d93ccc7bf409ec0a23f2ac70977507e0b8a8d8c54e5ee46109af2f0ec9e411f3"},
    {file = "psycopg2_binary-2.7.7-cp37-cp37m-macosx_10_6_intel.macosx_10_9_intel.macosx_10_9_x86_64.macosx_10_10_intel.macosx_10_10_x86_64.whl", hash = "sha256:5cf43807392247d9bc99737160da32d3fa619e0bfd85ba24d1c78db205f472a4"},
    {file = "psycopg2_binary-2.7.7-cp37-cp37m-manylinux1_i686.whl", hash = "sha256:b664011bb14ca1f2287c17185e222f2098f7b4c857961dbcf9badb28786dbbf4"},
    {file = "psycopg2_binary-2.7.7-cp37-cp37m-manylinux1_x86_64.whl", hash = "sha256:3d72a5fdc5f00ca85160915eb9a973cf9a0ab8148f6eda40708bf672c55ac1d1"},
    {file = "psycopg2_binary-2.7.7-cp37-cp37m-win32.whl", hash = "sha256:a3bfcac727538ec11af304b5eccadbac952d4cca1a551a29b8fe554e3ad535dc"},
    {file = "psycopg2_binary-2.7.7-cp37-cp37m-win_amd64.whl", hash = "sha256:348b49dd737ff74cfb5e663e18cb069b44c64f77ec0523b5794efafbfa7df0b8"},
]
ptyprocess = [
    {file = "ptyprocess-0.6.0-py2.py3-none-any.whl", hash = "sha256:d7cc528d76e76342423ca640335bd3633420dc1366f258cb31d05e865ef5ca1f"},
    {file = "ptyprocess-0.6.0.tar.gz", hash = "sha256:923f299cc5ad920c68f2bc0bc98b75b9f838b93b599941a6b63ddbc2476394c0"},
]
pygments = [
    {file = "Pygments-2.3.1-py2.py3-none-any.whl", hash = "sha256:e8218dd399a61674745138520d0d4cf2621d7e032439341bc3f647bff125818d"},
    {file = "Pygments-2.3.1.tar.gz", hash = "sha256:5ffada19f6203563680669ee7f53b64dabbeb100eb51b61996085e99c03b284a"},
]
python-dotenv = [
    {file = "python-dotenv-0.10.1.tar.gz", hash = "sha256:c9b1ddd3cdbe75c7d462cb84674d87130f4b948f090f02c7d7144779afb99ae0"},
    {file = "python_dotenv-0.10.1-py2.py3-none-any.whl", hash = "sha256:a84569d0e00d178bc5b957f7ff208bf49287cbf61857c31c258c4a91f571527b"},
]
python-twitter = [
    {file = "python-twitter-3.5.tar.gz", hash = "sha256:45855742f1095aa0c8c57b2983eee3b6b7f527462b50a2fa8437a8b398544d90"},
    {file = "python_twitter-3.5-py2.py3-none-any.whl", hash = "sha256:4a420a6cb6ee9d0c8da457c8a8573f709c2ff2e1a7542e2d38807ebbfe8ebd1d"},
]
pytz = [
    {file = "pytz-2018.7-py2.py3-none-any.whl", hash = "sha256:8e0f8568c118d3077b46be7d654cc8167fa916092e28320cde048e54bfc9f1e6"},
    {file = "pytz-2018.7.tar.gz", hash = "sha256:31cb35c89bd7d333cd32c5f278fca91b523b0834369e757f4c5641ea252236ca"},
]
readline = [
    {file = "readline-6.2.4.1-py2.5-macosx-10.5-i386.egg", hash = "sha256:6b34cf7c651791c3017b9cf31c74ef99b9050d14ae55a32898f2eb41787ca00a"},
    {file = "readline-6.2.4.1-py2.6-macosx-10.6-universal.egg", hash = "sha256:c157d3cf5f97794f0153cfc8ca90c9e11f810b8045d4a0acd33046379342f163"},
    {file = "readline-6.2.4.1-py2.7-macosx-10.7-intel.egg", hash = "sha256:d91a3294f027fb0d3b124117c550312f45eded265e01c62fd3470c28cda0e346"},
    {file = "readline-6.2.4.1.tar.gz", hash = "sha256:e00f86e03dfe52e7d1502cec5c64070b32621c85509c0081a4cfa6a0294bd107"},
]
requests = [
    {file = "requests-2.21.0-py2.py3-none-any.whl", hash = "sha256:7bf2a778576d825600030a110f3c0e3e8edc51dfaafe1c146e39a2027784957b"},
    {file = "requests-2.21.0.tar.gz", hash = "sha256:502a824f31acdacb3a35b6690b5fbf0bc41d63a24a45c4004352b0242707598e"},
]
requests-oauthlib = [
    {file = "requests-oauthlib-1.2.0.tar.gz", hash = "sha256:bd6533330e8748e94bf0b214775fed487d309b8b8fe823dc45641ebcd9a32f57"},
    {file = "requests_oauthlib-1.2.0-py2.py3-none-any.whl", hash = "sha256:d3ed0c8f2e3bbc6b344fa63d6f933745ab394469da38db16bdddb461c7e25140"},
    {file = "requests_oauthlib-1.2.0-py3.7.egg", hash = "sha256:dd5a0499abfefd087c6dd96693cbd5bfd28aa009719a7f85ab3fabe3956ef19a"},
]
six = [
    {file = "six-1.12.0-py2.py3-none-any.whl", hash = "sha256:3350809f0555b11f552448330d0b52d5f24c91a322ea4a15ef22629740f3761c"},
    {file = "six-1.12.0.tar.gz", hash = "sha256:d16a0141ec1a18405cd4ce8b4613101da75da0e9a7aec5bdd4fa804d0e0eba73"},
]
sorl-thumbnail = [
    {file = "sorl-thumbnail-12.5.0.tar.gz", hash = "sha256:8dfe5fda91a5047d1d35a0b9effe7b000764a01d648e15ca076f44e9c34b6dbd"},
    {file = "sorl_thumbnail-12.5.0-py2.py3-none-any.whl", hash = "sha256:d9e3f018d19293824803e4ffead96b19dfcd44fa7987cea392f50436817bef34"},
]
soupsieve = [
    {file = "soupsieve-1.9.1-py2.py3-none-any.whl", hash = "sha256:6898e82ecb03772a0d82bd0d0a10c0d6dcc342f77e0701d0ec4a8271be465ece"},
    {file = "soupsieve-1.9.1.tar.gz", hash = "sha256:b20eff5e564529711544066d7dc0f7661df41232ae263619dede5059799cdfca"},
]
traitlets = [
    {file = "traitlets-4.3.2-py2.py3-none-any.whl", hash = "sha256:c6cb5e6f57c5a9bdaa40fa71ce7b4af30298fbab9ece9815b5d995ab6217c7d9"},
    {file = "traitlets-4.3.2.tar.gz", hash = "sha256:9c4bd2d267b7153df9152698efb1050a5d84982d3384a37b2c1f7723ba3e7835"},
]
urllib3 = [
    {file = "urllib3-1.24.1-py2.py3-none-any.whl", hash = "sha256:61bf29cada3fc2fbefad4fdf059ea4bd1b4a86d2b6d15e1c7c0b582b9752fe39"},
    {file = "urllib3-1.24.1.tar.gz", hash = "sha256:de9529817c93f27c8ccbfead6985011db27bd0ddfcdb2d86f3f663385c6a9c22"},
]
wcwidth = [
    {file = "wcwidth-0.1.7-py2.py3-none-any.whl", hash = "sha256:f4ebe71925af7b40a864553f761ed559b43544f8f71746c2d756c7fe788ade7c"},
    {file = "wcwidth-0.1.7.tar.gz", hash = "sha256:3df37372226d6e63e1b1e1eda15c594bca98a22d33a23832a90998faa96bc65e"},
]
